
Microsoft Visual Studio Solution File, Format Version 12.00
# Visual Studio Version 17
VisualStudioVersion = 17.8.34525.116
MinimumVisualStudioVersion = 10.0.40219.1
Project("{FAE04EC0-301F-11D3-BF4B-00C04F79EFBC}") = "Course", "Course.csproj", "{A32807E5-13F5-4853-98EC-48D8BEA944F1}"
EndProject
Global
	GlobalSection(SolutionConfigurationPlatforms) = preSolution
		Debug|Any CPU = Debug|Any CPU
		Release|Any CPU = Release|Any CPU
	EndGlobalSection
	GlobalSection(ProjectConfigurationPlatforms) = postSolution
		{A32807E5-13F5-4853-98EC-48D8BEA944F1}.Debug|Any CPU.ActiveCfg = Debug|Any CPU
		{A32807E5-13F5-4853-98EC-48D8BEA944F1}.Debug|Any CPU.Build.0 = Debug|Any CPU
		{A32807E5-13F5-4853-98EC-48D8BEA944F1}.Release|Any CPU.ActiveCfg = Release|Any CPU
		{A32807E5-13F5-4853-98EC-48D8BEA944F1}.Release|Any CPU.Build.0 = Release|Any CPU
	EndGlobalSection
	GlobalSection(SolutionProperties) = preSolution
		HideSolutionNode = FALSE
	EndGlobalSection
	GlobalSection(ExtensibilityGlobals) = postSolution
		SolutionGuid = {D5A7A597-DCFA-47C3-AC53-CCDBD273CA95}
	EndGlobalSection
EndGlobal
